{
  "name": "s-sdtm-ai",
  "lockfileVersion": 3,
  "requires": true,
  "packages": {
    "": {
      "dependencies": {
        "@svar-ui/svelte-grid": "^2.3.0"
      }
    },
    "node_modules/@svar-ui/core-locales": {
      "version": "2.3.1",
      "resolved": "https://registry.npmjs.org/@svar-ui/core-locales/-/core-locales-2.3.1.tgz",
      "integrity": "sha512-wv1oWjNVUoG2s3E0TOFvDVAv29WrSzfsS4bjsop9sFF7VAUIJ7wGGGkTbJcBTJZvAuKNFm10/mY1jV253cPXfQ==",
      "license": "MIT"
    },
    "node_modules/@svar-ui/grid-data-provider": {
      "version": "2.3.0",
      "resolved": "https://registry.npmjs.org/@svar-ui/grid-data-provider/-/grid-data-provider-2.3.0.tgz",
      "integrity": "sha512-vaEgpKbmAj2OKoMF/Y782R4J2NMrq5FZuZR3Quvbj+BlmFb9I3j653IXeyt+vdy0nb73Z2FK95fyRo83h9s0uQ==",
      "license": "MIT",
      "dependencies": {
        "@svar-ui/lib-data-provider": "1.7.1"
      }
    },
    "node_modules/@svar-ui/grid-locales": {
      "version": "2.3.0",
      "resolved": "https://registry.npmjs.org/@svar-ui/grid-locales/-/grid-locales-2.3.0.tgz",
      "integrity": "sha512-ES2vxPfsKjXImEepsO6nZKiKktV8BrUOvn07COyNPwPwvGJBxdiG6p5EdhsxmhK9Sz1phEMxNJr04v/GWnV00Q==",
      "license": "MIT"
    },
    "node_modules/@svar-ui/grid-store": {
      "version": "2.3.0",
      "resolved": "https://registry.npmjs.org/@svar-ui/grid-store/-/grid-store-2.3.0.tgz",
      "integrity": "sha512-nYe7Hs8Vf41pZE677ax0XJK41lQMsswah4/rxEOzLEtQudALJJUi6ZFUHxdTj68pUfP+A/NK5TQPtcubxgzOJQ==",
      "license": "MIT",
      "dependencies": {
        "@svar-ui/lib-state": "1.9.6"
      }
    },
    "node_modules/@svar-ui/lib-data-provider": {
      "version": "1.7.1",
      "resolved": "https://registry.npmjs.org/@svar-ui/lib-data-provider/-/lib-data-provider-1.7.1.tgz",
      "integrity": "sha512-5Bi9ywngcMTKpGtan0s7q8ivd84Bp0ZnRP+5bLZg6oiRB7YMyN5D5X+apc3CWDAnG4zZn3en4YwS2qc/aHIIuQ==",
      "license": "MIT",
      "dependencies": {
        "@svar-ui/lib-state": "1.9.6"
      }
    },
    "node_modules/@svar-ui/lib-dom": {
      "version": "0.9.2",
      "resolved": "https://registry.npmjs.org/@svar-ui/lib-dom/-/lib-dom-0.9.2.tgz",
      "integrity": "sha512-U/+2dPuO4GvCxPfyA20XP+cn/5NqJjobS/ZvwTUj1UVMycnIkFRVukboV58LviP5mLJw4o/k1vAgank7sfBEpA==",
      "license": "MIT"
    },
    "node_modules/@svar-ui/lib-state": {
      "version": "1.9.6",
      "resolved": "https://registry.npmjs.org/@svar-ui/lib-state/-/lib-state-1.9.6.tgz",
      "integrity": "sha512-twoHa8wZvzdxtES68s6Wnp4Xi1WivScNaFFK6sJ6WDgqVYOzJw0ZhVVrdwHQgieLITTKl/DYh/U3nuqtMetKYw==",
      "license": "MIT"
    },
    "node_modules/@svar-ui/lib-svelte": {
      "version": "0.5.2",
      "resolved": "https://registry.npmjs.org/@svar-ui/lib-svelte/-/lib-svelte-0.5.2.tgz",
      "integrity": "sha512-i+hHMT3zctaGbRpyMDREt9im7YfLpvGwFYvH1ntEp/kYAwUrR/sxMJlEEKIid+Yg2EeMUstGxmYQbkWoMpPG7A==",
      "license": "MIT",
      "dependencies": {
        "@svar-ui/lib-state": "^1.9.6"
      }
    },
    "node_modules/@svar-ui/svelte-core": {
      "version": "2.3.1",
      "resolved": "https://registry.npmjs.org/@svar-ui/svelte-core/-/svelte-core-2.3.1.tgz",
      "integrity": "sha512-5ZrEcNX62UtQeB6GlpV15PRwiG7PvUYRdFR+tBjfXJr6Tw/xy1VN9VdwuV/1wXhgE+SSfnyUrJALfrAhGmfNIw==",
      "license": "MIT",
      "dependencies": {
        "@svar-ui/core-locales": "2.3.1",
        "@svar-ui/lib-dom": "0.9.2",
        "@svar-ui/lib-svelte": "0.5.2"
      }
    },
    "node_modules/@svar-ui/svelte-grid": {
      "version": "2.3.0",
      "resolved": "https://registry.npmjs.org/@svar-ui/svelte-grid/-/svelte-grid-2.3.0.tgz",
      "integrity": "sha512-HpCOsBwePMuEC+A9LeYEInnP73ohEALuGHrthhZRhZtU6apsxbPDdF4rRK5o3ZJPqmysA9fFVmrvMObg7ufFSw==",
      "license": "MIT",
      "dependencies": {
        "@svar-ui/grid-data-provider": "2.3.0",
        "@svar-ui/grid-locales": "2.3.0",
        "@svar-ui/grid-store": "2.3.0",
        "@svar-ui/lib-dom": "0.9.2",
        "@svar-ui/lib-state": "1.9.6",
        "@svar-ui/lib-svelte": "0.5.2",
        "@svar-ui/svelte-core": "2.3.1",
        "@svar-ui/svelte-menu": "2.3.0"
      }
    },
    "node_modules/@svar-ui/svelte-menu": {
      "version": "2.3.0",
      "resolved": "https://registry.npmjs.org/@svar-ui/svelte-menu/-/svelte-menu-2.3.0.tgz",
      "integrity": "sha512-dquniwPcQXdirXKwI9cLMhAxt0u6Hwf7w+2JSFuYMXBUNJJ4m3ZPfK6cZUzhdzKsveZFalPx6wHwE4OvcD0CBA==",
      "license": "MIT",
      "dependencies": {
        "@svar-ui/lib-dom": "0.9.2",
        "@svar-ui/svelte-core": "2.3.1"
      }
    }
  }
}
